// !$*UTF8*$!
{
	archiveVersion = 1;
	classes = {
	};
	objectVersion = 50;
	objects = {

/* Begin PBXBuildFile section */
		AE490F9322ACC783001D7EAC /* AppDelegate.swift in Sources */ = {isa = PBXBuildFile; fileRef = AE490F9222ACC783001D7EAC /* AppDelegate.swift */; };
		AE490F9522ACC783001D7EAC /* SceneDelegate.swift in Sources */ = {isa = PBXBuildFile; fileRef = AE490F9422ACC783001D7EAC /* SceneDelegate.swift */; };
		AE490F9722ACC783001D7EAC /* ContentView.swift in Sources */ = {isa = PBXBuildFile; fileRef = AE490F9622ACC783001D7EAC /* ContentView.swift */; };
		AE490F9922ACC785001D7EAC /* Assets.xcassets in Resources */ = {isa = PBXBuildFile; fileRef = AE490F9822ACC785001D7EAC /* Assets.xcassets */; };
		AE490F9C22ACC785001D7EAC /* Preview Assets.xcassets in Resources */ = {isa = PBXBuildFile; fileRef = AE490F9B22ACC785001D7EAC /* Preview Assets.xcassets */; };
		AE490F9F22ACC785001D7EAC /* LaunchScreen.storyboard in Resources */ = {isa = PBXBuildFile; fileRef = AE490F9D22ACC785001D7EAC /* LaunchScreen.storyboard */; };
/* End PBXBuildFile section */

/* Begin PBXFileReference section */
		AE490F8F22ACC783001D7EAC /* MovieApp-SwiftUI.app */ = {isa = PBXFileReference; explicitFileType = wrapper.application; includeInIndex = 0; path = "MovieApp-SwiftUI.app"; sourceTree = BUILT_PRODUCTS_DIR; };
		AE490F9222ACC783001D7EAC /* AppDelegate.swift */ = {isa = PBXFileReference; lastKnownFileType = sourcecode.swift; path = AppDelegate.swift; sourceTree = "<group>"; };
		AE490F9422ACC783001D7EAC /* SceneDelegate.swift */ = {isa = PBXFileReference; lastKnownFileType = sourcecode.swift; path = SceneDelegate.swift; sourceTree = "<group>"; };
		AE490F9622ACC783001D7EAC /* ContentView.swift */ = {isa = PBXFileReference; lastKnownFileType = sourcecode.swift; path = ContentView.swift; sourceTree = "<group>"; };
		AE490F9822ACC785001D7EAC /* Assets.xcassets */ = {isa = PBXFileReference; lastKnownFileType = folder.assetcatalog; path = Assets.xcassets; sourceTree = "<group>"; };
		AE490F9B22ACC785001D7EAC /* Preview Assets.xcassets */ = {isa = PBXFileReference; lastKnownFileType = folder.assetcatalog; path = "Preview Assets.xcassets"; sourceTree = "<group>"; };
		AE490F9E22ACC785001D7EAC /* Base */ = {isa = PBXFileReference; lastKnownFileType = file.storyboard; name = Base; path = Base.lproj/LaunchScreen.storyboard; sourceTree = "<group>"; };
		AE490FA022ACC785001D7EAC /* Info.plist */ = {isa = PBXFileReference; lastKnownFileType = text.plist.xml; path = Info.plist; sourceTree = "<group>"; };
/* End PBXFileReference section */

/* Begin PBXFrameworksBuildPhase section */
		AE490F8C22ACC783001D7EAC /* Frameworks */ = {
			isa = PBXFrameworksBuildPhase;
			buildActionMask = 2147483647;
			files = (
			);
			runOnlyForDeploymentPostprocessing = 0;
		};
/* End PBXFrameworksBuildPhase section */

/* Begin PBXGroup section */
		AE490F8622ACC783001D7EAC = {
			isa = PBXGroup;
			children = (
				AE490F9122ACC783001D7EAC /* MovieApp-SwiftUI */,
				AE490F9022ACC783001D7EAC /* Products */,
			);
			sourceTree = "<group>";
		};
		AE490F9022ACC783001D7EAC /* Products */ = {
			isa = PBXGroup;
			children = (
				AE490F8F22ACC783001D7EAC /* MovieApp-SwiftUI.app */,
			);
			name = Products;
			sourceTree = "<group>";
		};
		AE490F9122ACC783001D7EAC /* MovieApp-SwiftUI */ = {
			isa = PBXGroup;
			children = (
				AE490F9222ACC783001D7EAC /* AppDelegate.swift */,
				AE490F9422ACC783001D7EAC /* SceneDelegate.swift */,
				AE490F9622ACC783001D7EAC /* ContentView.swift */,
				AE490F9822ACC785001D7EAC /* Assets.xcassets */,
				AE490F9D22ACC785001D7EAC /* LaunchScreen.storyboard */,
				AE490FA022ACC785001D7EAC /* Info.plist */,
				AE490F9A22ACC785001D7EAC /* Preview Content */,
			);
			path = "MovieApp-SwiftUI";
			sourceTree = "<group>";
		};
		AE490F9A22ACC785001D7EAC /* Preview Content */ = {
			isa = PBXGroup;
			children = (
				AE490F9B22ACC785001D7EAC /* Preview Assets.xcassets */,
			);
			path = "Preview Content";
			sourceTree = "<group>";
		};
/* End PBXGroup section */

/* Begin PBXNativeTarget section */
		AE490F8E22ACC783001D7EAC /* MovieApp-SwiftUI */ = {
			isa = PBXNativeTarget;
			buildConfigurationList = AE490FA322ACC785001D7EAC /* Build configuration list for PBXNativeTarget "MovieApp-SwiftUI" */;
			buildPhases = (
				AE490F8B22ACC783001D7EAC /* Sources */,
				AE490F8C22ACC783001D7EAC /* Frameworks */,
				AE490F8D22ACC783001D7EAC /* Resources */,
			);
			buildRules = (
			);
			dependencies = (
			);
			name = "MovieApp-SwiftUI";
			productName = "MovieApp-SwiftUI";
			productReference = AE490F8F22ACC783001D7EAC /* MovieApp-SwiftUI.app */;
			productType = "com.apple.product-type.application";
		};
/* End PBXNativeTarget section */

/* Begin PBXProject section */
		AE490F8722ACC783001D7EAC /* Project object */ = {
			isa = PBXProject;
			attributes = {
				LastSwiftUpdateCheck = 1100;
				LastUpgradeCheck = 1100;
				ORGANIZATIONNAME = erzailham;
				TargetAttributes = {
					AE490F8E22ACC783001D7EAC = {
						CreatedOnToolsVersion = 11.0;
					};
				};
			};
			buildConfigurationList = AE490F8A22ACC783001D7EAC /* Build configuration list for PBXProject "MovieApp-SwiftUI" */;
			compatibilityVersion = "Xcode 9.3";
			developmentRegion = en;
			hasScannedForEncodings = 0;
			knownRegions = (
				en,
				Base,
			);
			mainGroup = AE490F8622ACC783001D7EAC;
			productRefGroup = AE490F9022ACC783001D7EAC /* Products */;
			projectDirPath = "";
			projectRoot = "";
			targets = (
				AE490F8E22ACC783001D7EAC /* MovieApp-SwiftUI */,
			);
		};
/* End PBXProject section */

/* Begin PBXResourcesBuildPhase section */
		AE490F8D22ACC783001D7EAC /* Resources */ = {
			isa = PBXResourcesBuildPhase;
			buildActionMask = 2147483647;
			files = (
				AE490F9F22ACC785001D7EAC /* LaunchScreen.storyboard in Resources */,
				AE490F9C22ACC785001D7EAC /* Preview Assets.xcassets in Resources */,
				AE490F9922ACC785001D7EAC /* Assets.xcassets in Resources */,
			);
			runOnlyForDeploymentPostprocessing = 0;
		};
/* End PBXResourcesBuildPhase section */

/* Begin PBXSourcesBuildPhase section */
		AE490F8B22ACC783001D7EAC /* Sources */ = {
			isa = PBXSourcesBuildPhase;
			buildActionMask = 2147483647;
			files = (
				AE490F9322ACC783001D7EAC /* AppDelegate.swift in Sources */,
				AE490F9522ACC783001D7EAC /* SceneDelegate.swift in Sources */,
				AE490F9722ACC783001D7EAC /* ContentView.swift in Sources */,
			);
			runOnlyForDeploymentPostprocessing = 0;
		};
/* End PBXSourcesBuildPhase section */

/* Begin PBXVariantGroup section */
		AE490F9D22ACC785001D7EAC /* LaunchScreen.storyboard */ = {
			isa = PBXVariantGroup;
			children = (
				AE490F9E22ACC785001D7EAC /* Base */,
			);
			name = LaunchScreen.storyboard;
			sourceTree = "<group>";
		};
/* End PBXVariantGroup section */

/* Begin XCBuildConfiguration section */
		AE490FA122ACC785001D7EAC /* Debug */ = {
			isa = XCBuildConfiguration;
			buildSettings = {
				ALWAYS_SEARCH_USER_PATHS = NO;
				CLANG_ANALYZER_NONNULL = YES;
				CLANG_ANALYZER_NUMBER_OBJECT_CONVERSION = YES_AGGRESSIVE;
				CLANG_CXX_LANGUAGE_STANDARD = "gnu++14";
				CLANG_CXX_LIBRARY = "libc++";
				CLANG_ENABLE_MODULES = YES;
				CLANG_ENABLE_OBJC_ARC = YES;
				CLANG_ENABLE_OBJC_WEAK = YES;
				CLANG_WARN_BLOCK_CAPTURE_AUTORELEASING = YES;
				CLANG_WARN_BOOL_CONVERSION = YES;
				CLANG_WARN_COMMA = YES;
				CLANG_WARN_CONSTANT_CONVERSION = YES;
				CLANG_WARN_DEPRECATED_OBJC_IMPLEMENTATIONS = YES;
				CLANG_WARN_DIRECT_OBJC_ISA_USAGE = YES_ERROR;
				CLANG_WARN_DOCUMENTATION_COMMENTS = YES;
				CLANG_WARN_EMPTY_BODY = YES;
				CLANG_WARN_ENUM_CONVERSION = YES;
				CLANG_WARN_INFINITE_RECURSION = YES;
				CLANG_WARN_INT_CONVERSION = YES;
				CLANG_WARN_NON_LITERAL_NULL_CONVERSION = YES;
				CLANG_WARN_OBJC_IMPLICIT_RETAIN_SELF = YES;
				CLANG_WARN_OBJC_LITERAL_CONVERSION = YES;
				CLANG_WARN_OBJC_ROOT_CLASS = YES_ERROR;
				CLANG_WARN_RANGE_LOOP_ANALYSIS = YES;
				CLANG_WARN_STRICT_PROTOTYPES = YES;
				CLANG_WARN_SUSPICIOUS_MOVE = YES;
				CLANG_WARN_UNGUARDED_AVAILABILITY = YES_AGGRESSIVE;
				CLANG_WARN_UNREACHABLE_CODE = YES;
				CLANG_WARN__DUPLICATE_METHOD_MATCH = YES;
				COPY_PHASE_STRIP = NO;
				DEBUG_INFORMATION_FORMAT = dwarf;
				ENABLE_STRICT_OBJC_MSGSEND = YES;
				ENABLE_TESTABILITY = YES;
				GCC_C_LANGUAGE_STANDARD = gnu11;
				GCC_DYNAMIC_NO_PIC = NO;
				GCC_NO_COMMON_BLOCKS = YES;
				GCC_OPTIMIZATION_LEVEL = 0;
				GCC_PREPROCESSOR_DEFINITIONS = (
					"DEBUG=1",
					"$(inherited)",
				);
				GCC_WARN_64_TO_32_BIT_CONVERSION = YES;
				GCC_WARN_ABOUT_RETURN_TYPE = YES_ERROR;
				GCC_WARN_UNDECLARED_SELECTOR = YES;
				GCC_WARN_UNINITIALIZED_AUTOS = YES_AGGRESSIVE;
				GCC_WARN_UNUSED_FUNCTION = YES;
				GCC_WARN_UNUSED_VARIABLE = YES;
				IPHONEOS_DEPLOYMENT_TARGET = 13.0;
				MTL_ENABLE_DEBUG_INFO = INCLUDE_SOURCE;
				MTL_FAST_MATH = YES;
				ONLY_ACTIVE_ARCH = YES;
				SDKROOT = iphoneos;
				SWIFT_ACTIVE_COMPILATION_CONDITIONS = DEBUG;
				SWIFT_OPTIMIZATION_LEVEL = "-Onone";
			};
			name = Debug;
		};
		AE490FA222ACC785001D7EAC /* Release */ = {
			isa = XCBuildConfiguration;
			buildSettings = {
				ALWAYS_SEARCH_USER_PATHS = NO;
				CLANG_ANALYZER_NONNULL = YES;
				CLANG_ANALYZER_NUMBER_OBJECT_CONVERSION = YES_AGGRESSIVE;
				CLANG_CXX_LANGUAGE_STANDARD = "gnu++14";
				CLANG_CXX_LIBRARY = "libc++";
				CLANG_ENABLE_MODULES = YES;
				CLANG_ENABLE_OBJC_ARC = YES;
				CLANG_ENABLE_OBJC_WEAK = YES;
				CLANG_WARN_BLOCK_CAPTURE_AUTORELEASING = YES;
				CLANG_WARN_BOOL_CONVERSION = YES;
				CLANG_WARN_COMMA = YES;
				CLANG_WARN_CONSTANT_CONVERSION = YES;
				CLANG_WARN_DEPRECATED_OBJC_IMPLEMENTATIONS = YES;
				CLANG_WARN_DIRECT_OBJC_ISA_USAGE = YES_ERROR;
				CLANG_WARN_DOCUMENTATION_COMMENTS = YES;
				CLANG_WARN_EMPTY_BODY = YES;
				CLANG_WARN_ENUM_CONVERSION = YES;
				CLANG_WARN_INFINITE_RECURSION = YES;
				CLANG_WARN_INT_CONVERSION = YES;
				CLANG_WARN_NON_LITERAL_NULL_CONVERSION = YES;
				CLANG_WARN_OBJC_IMPLICIT_RETAIN_SELF = YES;
				CLANG_WARN_OBJC_LITERAL_CONVERSION = YES;
				CLANG_WARN_OBJC_ROOT_CLASS = YES_ERROR;
				CLANG_WARN_RANGE_LOOP_ANALYSIS = YES;
				CLANG_WARN_STRICT_PROTOTYPES = YES;
				CLANG_WARN_SUSPICIOUS_MOVE = YES;
				CLANG_WARN_UNGUARDED_AVAILABILITY = YES_AGGRESSIVE;
				CLANG_WARN_UNREACHABLE_CODE = YES;
				CLANG_WARN__DUPLICATE_METHOD_MATCH = YES;
				COPY_PHASE_STRIP = NO;
				DEBUG_INFORMATION_FORMAT = "dwarf-with-dsym";
				ENABLE_NS_ASSERTIONS = NO;
				ENABLE_STRICT_OBJC_MSGSEND = YES;
				GCC_C_LANGUAGE_STANDARD = gnu11;
				GCC_NO_COMMON_BLOCKS = YES;
				GCC_WARN_64_TO_32_BIT_CONVERSION = YES;
				GCC_WARN_ABOUT_RETURN_TYPE = YES_ERROR;
				GCC_WARN_UNDECLARED_SELECTOR = YES;
				GCC_WARN_UNINITIALIZED_AUTOS = YES_AGGRESSIVE;
				GCC_WARN_UNUSED_FUNCTION = YES;
				GCC_WARN_UNUSED_VARIABLE = YES;
				IPHONEOS_DEPLOYMENT_TARGET = 13.0;
				MTL_ENABLE_DEBUG_INFO = NO;
				MTL_FAST_MATH = YES;
				SDKROOT = iphoneos;
				SWIFT_COMPILATION_MODE = wholemodule;
				SWIFT_OPTIMIZATION_LEVEL = "-O";
				VALIDATE_PRODUCT = YES;
			};
			name = Release;
		};
		AE490FA422ACC785001D7EAC /* Debug */ = {
			isa = XCBuildConfiguration;
			buildSettings = {
				ASSETCATALOG_COMPILER_APPICON_NAME = AppIcon;
				CODE_SIGN_STYLE = Automatic;
				DEVELOPMENT_ASSET_PATHS = "MovieApp-SwiftUI/Preview\\ Content";
				DEVELOPMENT_TEAM = S3337QYN2R;
				ENABLE_PREVIEWS = YES;
				INFOPLIST_FILE = "MovieApp-SwiftUI/Info.plist";
				LD_RUNPATH_SEARCH_PATHS = (
					"$(inherited)",
					"@executable_path/Frameworks",
				);
				PRODUCT_BUNDLE_IDENTIFIER = "com.erzailham.MovieApp-SwiftUI";
				PRODUCT_NAME = "$(TARGET_NAME)";
				SWIFT_VERSION = 5.0;
				TARGETED_DEVICE_FAMILY = "1,2";
			};
			name = Debug;
		};
		AE490FA522ACC785001D7EAC /* Release */ = {
			isa = XCBuildConfiguration;
			buildSettings = {
				ASSETCATALOG_COMPILER_APPICON_NAME = AppIcon;
				CODE_SIGN_STYLE = Automatic;
				DEVELOPMENT_ASSET_PATHS = "MovieApp-SwiftUI/Preview\\ Content";
				DEVELOPMENT_TEAM = S3337QYN2R;
				ENABLE_PREVIEWS = YES;
				INFOPLIST_FILE = "MovieApp-SwiftUI/Info.plist";
				LD_RUNPATH_SEARCH_PATHS = (
					"$(inherited)",
					"@executable_path/Frameworks",
				);
				PRODUCT_BUNDLE_IDENTIFIER = "com.erzailham.MovieApp-SwiftUI";
				PRODUCT_NAME = "$(TARGET_NAME)";
				SWIFT_VERSION = 5.0;
				TARGETED_DEVICE_FAMILY = "1,2";
			};
			name = Release;
		};
/* End XCBuildConfiguration section */

/* Begin XCConfigurationList section */
		AE490F8A22ACC783001D7EAC /* Build configuration list for PBXProject "MovieApp-SwiftUI" */ = {
			isa = XCConfigurationList;
			buildConfigurations = (
				AE490FA122ACC785001D7EAC /* Debug */,
				AE490FA222ACC785001D7EAC /* Release */,
			);
			defaultConfigurationIsVisible = 0;
			defaultConfigurationName = Release;
		};
		AE490FA322ACC785001D7EAC /* Build configuration list for PBXNativeTarget "MovieApp-SwiftUI" */ = {
			isa = XCConfigurationList;
			buildConfigurations = (
				AE490FA422ACC785001D7EAC /* Debug */,
				AE490FA522ACC785001D7EAC /* Release */,
			);
			defaultConfigurationIsVisible = 0;
			defaultConfigurationName = Release;
		};
/* End XCConfigurationList section */
	};
	rootObject = AE490F8722ACC783001D7EAC /* Project object */;
}
